
Microsoft Visual Studio Solution File, Format Version 12.00
Project("{2150E333-8FDC-42A3-9474-1A3956D46DE8}") = "SolutionItems", "SolutionItems", "{289DF505-DAF0-4DEC-B19F-CD7E3B5737ED}"
	ProjectSection(SolutionItems) = preProject
		..\.gitignore = ..\.gitignore
		..\license.txt = ..\license.txt
		..\.editorconfig = ..\.editorconfig
		..\.github\workflows\ci.yml = ..\.github\workflows\ci.yml
		..\.github\dependabot.yml = ..\.github\dependabot.yml
		Directory.Build.props = Directory.Build.props
		..\readme.md = ..\readme.md
		..\.github\workflows\documentation.yml = ..\.github\workflows\documentation.yml
	EndProjectSection
EndProject
Project("{2150E333-8FDC-42A3-9474-1A3956D46DE8}") = "docs", "docs", "{5990F7E6-C6E7-41AB-BA83-5A17AAC91352}"
	ProjectSection(SolutionItems) = preProject
		..\docs\docfx.json = ..\docs\docfx.json
		..\docs\toc.yml = ..\docs\toc.yml
	EndProjectSection
EndProject
Project("{FAE04EC0-301F-11D3-BF4B-00C04F79EFBC}") = "HidApi.Netstandard", "HidApi.Netstandard\HidApi.Netstandard.csproj", "{023CD345-F2DC-4DE1-9C3F-491FA2C55EED}"
EndProject
Project("{FAE04EC0-301F-11D3-BF4B-00C04F79EFBC}") = "HidApi.NetStandard.Tester", "HidApi.NetStandard.Tester\HidApi.NetStandard.Tester.csproj", "{C9063AE2-22B3-461C-9704-E617B2275F1A}"
EndProject
Global
	GlobalSection(SolutionConfigurationPlatforms) = preSolution
		Debug|Any CPU = Debug|Any CPU
		Release|Any CPU = Release|Any CPU
	EndGlobalSection
	GlobalSection(ProjectConfigurationPlatforms) = postSolution
		{023CD345-F2DC-4DE1-9C3F-491FA2C55EED}.Debug|Any CPU.ActiveCfg = Debug|Any CPU
		{023CD345-F2DC-4DE1-9C3F-491FA2C55EED}.Debug|Any CPU.Build.0 = Debug|Any CPU
		{023CD345-F2DC-4DE1-9C3F-491FA2C55EED}.Release|Any CPU.ActiveCfg = Release|Any CPU
		{023CD345-F2DC-4DE1-9C3F-491FA2C55EED}.Release|Any CPU.Build.0 = Release|Any CPU
		{C9063AE2-22B3-461C-9704-E617B2275F1A}.Debug|Any CPU.ActiveCfg = Debug|Any CPU
		{C9063AE2-22B3-461C-9704-E617B2275F1A}.Debug|Any CPU.Build.0 = Debug|Any CPU
		{C9063AE2-22B3-461C-9704-E617B2275F1A}.Release|Any CPU.ActiveCfg = Release|Any CPU
		{C9063AE2-22B3-461C-9704-E617B2275F1A}.Release|Any CPU.Build.0 = Release|Any CPU
	EndGlobalSection
	GlobalSection(NestedProjects) = preSolution
		{5990F7E6-C6E7-41AB-BA83-5A17AAC91352} = {289DF505-DAF0-4DEC-B19F-CD7E3B5737ED}
	EndGlobalSection
EndGlobal
